// !$*UTF8*$!
{
	archiveVersion = 1;
	classes = {
	};
	objectVersion = 50;
	objects = {

/* Begin PBXBuildFile section */
		2CD6DA50277C9FCB41514A35 /* Pods_VRTiOSBuild.framework in Frameworks */ = {isa = PBXBuildFile; fileRef = E454C81C8177E7E83848D7B8 /* Pods_VRTiOSBuild.framework */; };
		C214BF02225F9A13005BBC0F /* AppDelegate.m in Sources */ = {isa = PBXBuildFile; fileRef = C214BF01225F9A13005BBC0F /* AppDelegate.m */; };
		C214BF05225F9A13005BBC0F /* ViewController.m in Sources */ = {isa = PBXBuildFile; fileRef = C214BF04225F9A13005BBC0F /* ViewController.m */; };
		C214BF08225F9A13005BBC0F /* Main.storyboard in Resources */ = {isa = PBXBuildFile; fileRef = C214BF06225F9A13005BBC0F /* Main.storyboard */; };
		C214BF0A225F9A14005BBC0F /* Assets.xcassets in Resources */ = {isa = PBXBuildFile; fileRef = C214BF09225F9A14005BBC0F /* Assets.xcassets */; };
		C214BF0D225F9A14005BBC0F /* LaunchScreen.storyboard in Resources */ = {isa = PBXBuildFile; fileRef = C214BF0B225F9A14005BBC0F /* LaunchScreen.storyboard */; };
		C214BF10225F9A14005BBC0F /* main.m in Sources */ = {isa = PBXBuildFile; fileRef = C214BF0F225F9A14005BBC0F /* main.m */; };
		C214BF1A225F9A14005BBC0F /* VRTiOSBuildTests.m in Sources */ = {isa = PBXBuildFile; fileRef = C214BF19225F9A14005BBC0F /* VRTiOSBuildTests.m */; };
		C214BF25225F9A14005BBC0F /* VRTiOSBuildUITests.m in Sources */ = {isa = PBXBuildFile; fileRef = C214BF24225F9A14005BBC0F /* VRTiOSBuildUITests.m */; };
		C214BF5F225F9A80005BBC0F /* VM4VRTList.m in Sources */ = {isa = PBXBuildFile; fileRef = C214BF34225F9A80005BBC0F /* VM4VRTList.m */; };
		C214BF60225F9A80005BBC0F /* VRTInstance.m in Sources */ = {isa = PBXBuildFile; fileRef = C214BF36225F9A80005BBC0F /* VRTInstance.m */; };
		C214BF61225F9A80005BBC0F /* VRTTapGestureRecognizer.m in Sources */ = {isa = PBXBuildFile; fileRef = C214BF39225F9A80005BBC0F /* VRTTapGestureRecognizer.m */; };
		C214BF62225F9A80005BBC0F /* VRTViewController.m in Sources */ = {isa = PBXBuildFile; fileRef = C214BF3A225F9A80005BBC0F /* VRTViewController.m */; };
		C214BF63225F9A80005BBC0F /* VRTMutableDictionary.m in Sources */ = {isa = PBXBuildFile; fileRef = C214BF3B225F9A80005BBC0F /* VRTMutableDictionary.m */; };
		C214BF64225F9A80005BBC0F /* VRTUtils.m in Sources */ = {isa = PBXBuildFile; fileRef = C214BF3C225F9A80005BBC0F /* VRTUtils.m */; };
		C214BF65225F9A80005BBC0F /* Model4VRTTextField.m in Sources */ = {isa = PBXBuildFile; fileRef = C214BF43225F9A80005BBC0F /* Model4VRTTextField.m */; };
		C214BF66225F9A80005BBC0F /* Model4VRTLabel.m in Sources */ = {isa = PBXBuildFile; fileRef = C214BF46225F9A80005BBC0F /* Model4VRTLabel.m */; };
		C214BF67225F9A80005BBC0F /* Model4VRTView.m in Sources */ = {isa = PBXBuildFile; fileRef = C214BF47225F9A80005BBC0F /* Model4VRTView.m */; };
		C214BF68225F9A80005BBC0F /* Model4VRTCell.m in Sources */ = {isa = PBXBuildFile; fileRef = C214BF48225F9A80005BBC0F /* Model4VRTCell.m */; };
		C214BF69225F9A80005BBC0F /* Model4VRTList.m in Sources */ = {isa = PBXBuildFile; fileRef = C214BF4A225F9A80005BBC0F /* Model4VRTList.m */; };
		C214BF6A225F9A80005BBC0F /* Model4VRTVC.m in Sources */ = {isa = PBXBuildFile; fileRef = C214BF4B225F9A80005BBC0F /* Model4VRTVC.m */; };
		C214BF6B225F9A80005BBC0F /* Model4VRTImageView.m in Sources */ = {isa = PBXBuildFile; fileRef = C214BF4F225F9A80005BBC0F /* Model4VRTImageView.m */; };
		C214BF6C225F9A80005BBC0F /* VRTCell.m in Sources */ = {isa = PBXBuildFile; fileRef = C214BF53225F9A80005BBC0F /* VRTCell.m */; };
		C214BF6D225F9A80005BBC0F /* VRTView.m in Sources */ = {isa = PBXBuildFile; fileRef = C214BF55225F9A80005BBC0F /* VRTView.m */; };
		C214BF6E225F9A80005BBC0F /* VRTImageView.m in Sources */ = {isa = PBXBuildFile; fileRef = C214BF57225F9A80005BBC0F /* VRTImageView.m */; };
		C214BF6F225F9A80005BBC0F /* VRTLabel.m in Sources */ = {isa = PBXBuildFile; fileRef = C214BF58225F9A80005BBC0F /* VRTLabel.m */; };
		C214BF70225F9A80005BBC0F /* VRTTextField.m in Sources */ = {isa = PBXBuildFile; fileRef = C214BF5A225F9A80005BBC0F /* VRTTextField.m */; };
		C214BF71225F9A80005BBC0F /* VRTList.m in Sources */ = {isa = PBXBuildFile; fileRef = C214BF5D225F9A80005BBC0F /* VRTList.m */; };
		C214BF72225F9A80005BBC0F /* VRTSDKMaster.m in Sources */ = {isa = PBXBuildFile; fileRef = C214BF5E225F9A80005BBC0F /* VRTSDKMaster.m */; };
		C214BFB7225FA338005BBC0F /* NSObject+ProtocolHelper.m in Sources */ = {isa = PBXBuildFile; fileRef = C214BFA3225FA337005BBC0F /* NSObject+ProtocolHelper.m */; };
		C214BFB8225FA338005BBC0F /* NetworkMEx.m in Sources */ = {isa = PBXBuildFile; fileRef = C214BFA5225FA337005BBC0F /* NetworkMEx.m */; };
		C214BFB9225FA338005BBC0F /* WeakMutableArray.m in Sources */ = {isa = PBXBuildFile; fileRef = C214BFA8225FA337005BBC0F /* WeakMutableArray.m */; };
		C214BFBA225FA338005BBC0F /* BaseNavigationController.m in Sources */ = {isa = PBXBuildFile; fileRef = C214BFAA225FA337005BBC0F /* BaseNavigationController.m */; };
		C214BFBB225FA338005BBC0F /* ControllerManagerMEx.m in Sources */ = {isa = PBXBuildFile; fileRef = C214BFAC225FA337005BBC0F /* ControllerManagerMEx.m */; };
		C214BFBC225FA338005BBC0F /* UIViewController+ControllerManagerMEx.m in Sources */ = {isa = PBXBuildFile; fileRef = C214BFAF225FA337005BBC0F /* UIViewController+ControllerManagerMEx.m */; };
		C214BFBD225FA338005BBC0F /* TVCBindHelperMEx.m in Sources */ = {isa = PBXBuildFile; fileRef = C214BFB2225FA337005BBC0F /* TVCBindHelperMEx.m */; };
		C214BFBE225FA338005BBC0F /* TableViewMEx.m in Sources */ = {isa = PBXBuildFile; fileRef = C214BFB3225FA337005BBC0F /* TableViewMEx.m */; };
		C214BFBF225FA338005BBC0F /* UITableViewCell+MEx.m in Sources */ = {isa = PBXBuildFile; fileRef = C214BFB4225FA337005BBC0F /* UITableViewCell+MEx.m */; };
		C214BFC52262139A005BBC0F /* VRTProtocol.m in Sources */ = {isa = PBXBuildFile; fileRef = C214BFC42262139A005BBC0F /* VRTProtocol.m */; };
		C21FA4FF2265C96D00DC79FB /* VRTJSFramework.js in Resources */ = {isa = PBXBuildFile; fileRef = C21FA4FE2265C96D00DC79FB /* VRTJSFramework.js */; };
		C21FA5032265D71F00DC79FB /* VRTProtocolModule.m in Sources */ = {isa = PBXBuildFile; fileRef = C21FA5022265D71F00DC79FB /* VRTProtocolModule.m */; };
		C21FA5072265D98D00DC79FB /* NetworkModule.m in Sources */ = {isa = PBXBuildFile; fileRef = C21FA5062265D98D00DC79FB /* NetworkModule.m */; };
/* End PBXBuildFile section */

/* Begin PBXContainerItemProxy section */
		C214BF16225F9A14005BBC0F /* PBXContainerItemProxy */ = {
			isa = PBXContainerItemProxy;
			containerPortal = C214BEF5225F9A13005BBC0F /* Project object */;
			proxyType = 1;
			remoteGlobalIDString = C214BEFC225F9A13005BBC0F;
			remoteInfo = VRTiOSBuild;
		};
		C214BF21225F9A14005BBC0F /* PBXContainerItemProxy */ = {
			isa = PBXContainerItemProxy;
			containerPortal = C214BEF5225F9A13005BBC0F /* Project object */;
			proxyType = 1;
			remoteGlobalIDString = C214BEFC225F9A13005BBC0F;
			remoteInfo = VRTiOSBuild;
		};
/* End PBXContainerItemProxy section */

/* Begin PBXFileReference section */
		4FE0CAEBEF08B3D528D6B925 /* Pods-VRTiOSBuild.release.xcconfig */ = {isa = PBXFileReference; includeInIndex = 1; lastKnownFileType = text.xcconfig; name = "Pods-VRTiOSBuild.release.xcconfig"; path = "Pods/Target Support Files/Pods-VRTiOSBuild/Pods-VRTiOSBuild.release.xcconfig"; sourceTree = "<group>"; };
		5CFAC1DBD4FEFCC3CAAA2C2D /* Pods-VRTiOSBuild.debug.xcconfig */ = {isa = PBXFileReference; includeInIndex = 1; lastKnownFileType = text.xcconfig; name = "Pods-VRTiOSBuild.debug.xcconfig"; path = "Pods/Target Support Files/Pods-VRTiOSBuild/Pods-VRTiOSBuild.debug.xcconfig"; sourceTree = "<group>"; };
		C214BEFD225F9A13005BBC0F /* VRTiOSBuild.app */ = {isa = PBXFileReference; explicitFileType = wrapper.application; includeInIndex = 0; path = VRTiOSBuild.app; sourceTree = BUILT_PRODUCTS_DIR; };
		C214BF00225F9A13005BBC0F /* AppDelegate.h */ = {isa = PBXFileReference; lastKnownFileType = sourcecode.c.h; path = AppDelegate.h; sourceTree = "<group>"; };
		C214BF01225F9A13005BBC0F /* AppDelegate.m */ = {isa = PBXFileReference; lastKnownFileType = sourcecode.c.objc; path = AppDelegate.m; sourceTree = "<group>"; };
		C214BF03225F9A13005BBC0F /* ViewController.h */ = {isa = PBXFileReference; lastKnownFileType = sourcecode.c.h; path = ViewController.h; sourceTree = "<group>"; };
		C214BF04225F9A13005BBC0F /* ViewController.m */ = {isa = PBXFileReference; lastKnownFileType = sourcecode.c.objc; path = ViewController.m; sourceTree = "<group>"; };
		C214BF07225F9A13005BBC0F /* Base */ = {isa = PBXFileReference; lastKnownFileType = file.storyboard; name = Base; path = Base.lproj/Main.storyboard; sourceTree = "<group>"; };
		C214BF09225F9A14005BBC0F /* Assets.xcassets */ = {isa = PBXFileReference; lastKnownFileType = folder.assetcatalog; path = Assets.xcassets; sourceTree = "<group>"; };
		C214BF0C225F9A14005BBC0F /* Base */ = {isa = PBXFileReference; lastKnownFileType = file.storyboard; name = Base; path = Base.lproj/LaunchScreen.storyboard; sourceTree = "<group>"; };
		C214BF0E225F9A14005BBC0F /* Info.plist */ = {isa = PBXFileReference; lastKnownFileType = text.plist.xml; path = Info.plist; sourceTree = "<group>"; };
		C214BF0F225F9A14005BBC0F /* main.m */ = {isa = PBXFileReference; lastKnownFileType = sourcecode.c.objc; path = main.m; sourceTree = "<group>"; };
		C214BF15225F9A14005BBC0F /* VRTiOSBuildTests.xctest */ = {isa = PBXFileReference; explicitFileType = wrapper.cfbundle; includeInIndex = 0; path = VRTiOSBuildTests.xctest; sourceTree = BUILT_PRODUCTS_DIR; };
		C214BF19225F9A14005BBC0F /* VRTiOSBuildTests.m */ = {isa = PBXFileReference; lastKnownFileType = sourcecode.c.objc; path = VRTiOSBuildTests.m; sourceTree = "<group>"; };
		C214BF1B225F9A14005BBC0F /* Info.plist */ = {isa = PBXFileReference; lastKnownFileType = text.plist.xml; path = Info.plist; sourceTree = "<group>"; };
		C214BF20225F9A14005BBC0F /* VRTiOSBuildUITests.xctest */ = {isa = PBXFileReference; explicitFileType = wrapper.cfbundle; includeInIndex = 0; path = VRTiOSBuildUITests.xctest; sourceTree = BUILT_PRODUCTS_DIR; };
		C214BF24225F9A14005BBC0F /* VRTiOSBuildUITests.m */ = {isa = PBXFileReference; lastKnownFileType = sourcecode.c.objc; path = VRTiOSBuildUITests.m; sourceTree = "<group>"; };
		C214BF26225F9A14005BBC0F /* Info.plist */ = {isa = PBXFileReference; lastKnownFileType = text.plist.xml; path = Info.plist; sourceTree = "<group>"; };
		C214BF34225F9A80005BBC0F /* VM4VRTList.m */ = {isa = PBXFileReference; fileEncoding = 4; lastKnownFileType = sourcecode.c.objc; path = VM4VRTList.m; sourceTree = "<group>"; };
		C214BF35225F9A80005BBC0F /* VM4VRTList.h */ = {isa = PBXFileReference; fileEncoding = 4; lastKnownFileType = sourcecode.c.h; path = VM4VRTList.h; sourceTree = "<group>"; };
		C214BF36225F9A80005BBC0F /* VRTInstance.m */ = {isa = PBXFileReference; fileEncoding = 4; lastKnownFileType = sourcecode.c.objc; path = VRTInstance.m; sourceTree = "<group>"; };
		C214BF38225F9A80005BBC0F /* VRTUtils.h */ = {isa = PBXFileReference; fileEncoding = 4; lastKnownFileType = sourcecode.c.h; path = VRTUtils.h; sourceTree = "<group>"; };
		C214BF39225F9A80005BBC0F /* VRTTapGestureRecognizer.m */ = {isa = PBXFileReference; fileEncoding = 4; lastKnownFileType = sourcecode.c.objc; path = VRTTapGestureRecognizer.m; sourceTree = "<group>"; };
		C214BF3A225F9A80005BBC0F /* VRTViewController.m */ = {isa = PBXFileReference; fileEncoding = 4; lastKnownFileType = sourcecode.c.objc; path = VRTViewController.m; sourceTree = "<group>"; };
		C214BF3B225F9A80005BBC0F /* VRTMutableDictionary.m */ = {isa = PBXFileReference; fileEncoding = 4; lastKnownFileType = sourcecode.c.objc; path = VRTMutableDictionary.m; sourceTree = "<group>"; };
		C214BF3C225F9A80005BBC0F /* VRTUtils.m */ = {isa = PBXFileReference; fileEncoding = 4; lastKnownFileType = sourcecode.c.objc; path = VRTUtils.m; sourceTree = "<group>"; };
		C214BF3D225F9A80005BBC0F /* VRTViewController.h */ = {isa = PBXFileReference; fileEncoding = 4; lastKnownFileType = sourcecode.c.h; path = VRTViewController.h; sourceTree = "<group>"; };
		C214BF3E225F9A80005BBC0F /* VRTTapGestureRecognizer.h */ = {isa = PBXFileReference; fileEncoding = 4; lastKnownFileType = sourcecode.c.h; path = VRTTapGestureRecognizer.h; sourceTree = "<group>"; };
		C214BF3F225F9A80005BBC0F /* VRTMutableDictionary.h */ = {isa = PBXFileReference; fileEncoding = 4; lastKnownFileType = sourcecode.c.h; path = VRTMutableDictionary.h; sourceTree = "<group>"; };
		C214BF40225F9A80005BBC0F /* VRTSDKMaster.h */ = {isa = PBXFileReference; fileEncoding = 4; lastKnownFileType = sourcecode.c.h; path = VRTSDKMaster.h; sourceTree = "<group>"; };
		C214BF41225F9A80005BBC0F /* VRTInstance.h */ = {isa = PBXFileReference; fileEncoding = 4; lastKnownFileType = sourcecode.c.h; path = VRTInstance.h; sourceTree = "<group>"; };
		C214BF43225F9A80005BBC0F /* Model4VRTTextField.m */ = {isa = PBXFileReference; fileEncoding = 4; lastKnownFileType = sourcecode.c.objc; path = Model4VRTTextField.m; sourceTree = "<group>"; };
		C214BF44225F9A80005BBC0F /* Model4VRTVC.h */ = {isa = PBXFileReference; fileEncoding = 4; lastKnownFileType = sourcecode.c.h; path = Model4VRTVC.h; sourceTree = "<group>"; };
		C214BF45225F9A80005BBC0F /* Model4VRTList.h */ = {isa = PBXFileReference; fileEncoding = 4; lastKnownFileType = sourcecode.c.h; path = Model4VRTList.h; sourceTree = "<group>"; };
		C214BF46225F9A80005BBC0F /* Model4VRTLabel.m */ = {isa = PBXFileReference; fileEncoding = 4; lastKnownFileType = sourcecode.c.objc; path = Model4VRTLabel.m; sourceTree = "<group>"; };
		C214BF47225F9A80005BBC0F /* Model4VRTView.m */ = {isa = PBXFileReference; fileEncoding = 4; lastKnownFileType = sourcecode.c.objc; path = Model4VRTView.m; sourceTree = "<group>"; };
		C214BF48225F9A80005BBC0F /* Model4VRTCell.m */ = {isa = PBXFileReference; fileEncoding = 4; lastKnownFileType = sourcecode.c.objc; path = Model4VRTCell.m; sourceTree = "<group>"; };
		C214BF49225F9A80005BBC0F /* Model4VRTImageView.h */ = {isa = PBXFileReference; fileEncoding = 4; lastKnownFileType = sourcecode.c.h; path = Model4VRTImageView.h; sourceTree = "<group>"; };
		C214BF4A225F9A80005BBC0F /* Model4VRTList.m */ = {isa = PBXFileReference; fileEncoding = 4; lastKnownFileType = sourcecode.c.objc; path = Model4VRTList.m; sourceTree = "<group>"; };
		C214BF4B225F9A80005BBC0F /* Model4VRTVC.m */ = {isa = PBXFileReference; fileEncoding = 4; lastKnownFileType = sourcecode.c.objc; path = Model4VRTVC.m; sourceTree = "<group>"; };
		C214BF4C225F9A80005BBC0F /* Model4VRTTextField.h */ = {isa = PBXFileReference; fileEncoding = 4; lastKnownFileType = sourcecode.c.h; path = Model4VRTTextField.h; sourceTree = "<group>"; };
		C214BF4D225F9A80005BBC0F /* Model4VRTView.h */ = {isa = PBXFileReference; fileEncoding = 4; lastKnownFileType = sourcecode.c.h; path = Model4VRTView.h; sourceTree = "<group>"; };
		C214BF4E225F9A80005BBC0F /* Model4VRTLabel.h */ = {isa = PBXFileReference; fileEncoding = 4; lastKnownFileType = sourcecode.c.h; path = Model4VRTLabel.h; sourceTree = "<group>"; };
		C214BF4F225F9A80005BBC0F /* Model4VRTImageView.m */ = {isa = PBXFileReference; fileEncoding = 4; lastKnownFileType = sourcecode.c.objc; path = Model4VRTImageView.m; sourceTree = "<group>"; };
		C214BF50225F9A80005BBC0F /* Model4VRTCell.h */ = {isa = PBXFileReference; fileEncoding = 4; lastKnownFileType = sourcecode.c.h; path = Model4VRTCell.h; sourceTree = "<group>"; };
		C214BF52225F9A80005BBC0F /* VRTTextField.h */ = {isa = PBXFileReference; fileEncoding = 4; lastKnownFileType = sourcecode.c.h; path = VRTTextField.h; sourceTree = "<group>"; };
		C214BF53225F9A80005BBC0F /* VRTCell.m */ = {isa = PBXFileReference; fileEncoding = 4; lastKnownFileType = sourcecode.c.objc; path = VRTCell.m; sourceTree = "<group>"; };
		C214BF54225F9A80005BBC0F /* VRTLabel.h */ = {isa = PBXFileReference; fileEncoding = 4; lastKnownFileType = sourcecode.c.h; path = VRTLabel.h; sourceTree = "<group>"; };
		C214BF55225F9A80005BBC0F /* VRTView.m */ = {isa = PBXFileReference; fileEncoding = 4; lastKnownFileType = sourcecode.c.objc; path = VRTView.m; sourceTree = "<group>"; };
		C214BF56225F9A80005BBC0F /* VRTList.h */ = {isa = PBXFileReference; fileEncoding = 4; lastKnownFileType = sourcecode.c.h; path = VRTList.h; sourceTree = "<group>"; };
		C214BF57225F9A80005BBC0F /* VRTImageView.m */ = {isa = PBXFileReference; fileEncoding = 4; lastKnownFileType = sourcecode.c.objc; path = VRTImageView.m; sourceTree = "<group>"; };
		C214BF58225F9A80005BBC0F /* VRTLabel.m */ = {isa = PBXFileReference; fileEncoding = 4; lastKnownFileType = sourcecode.c.objc; path = VRTLabel.m; sourceTree = "<group>"; };
		C214BF59225F9A80005BBC0F /* VRTCell.h */ = {isa = PBXFileReference; fileEncoding = 4; lastKnownFileType = sourcecode.c.h; path = VRTCell.h; sourceTree = "<group>"; };
		C214BF5A225F9A80005BBC0F /* VRTTextField.m */ = {isa = PBXFileReference; fileEncoding = 4; lastKnownFileType = sourcecode.c.objc; path = VRTTextField.m; sourceTree = "<group>"; };
		C214BF5B225F9A80005BBC0F /* VRTView.h */ = {isa = PBXFileReference; fileEncoding = 4; lastKnownFileType = sourcecode.c.h; path = VRTView.h; sourceTree = "<group>"; };
		C214BF5C225F9A80005BBC0F /* VRTImageView.h */ = {isa = PBXFileReference; fileEncoding = 4; lastKnownFileType = sourcecode.c.h; path = VRTImageView.h; sourceTree = "<group>"; };
		C214BF5D225F9A80005BBC0F /* VRTList.m */ = {isa = PBXFileReference; fileEncoding = 4; lastKnownFileType = sourcecode.c.objc; path = VRTList.m; sourceTree = "<group>"; };
		C214BF5E225F9A80005BBC0F /* VRTSDKMaster.m */ = {isa = PBXFileReference; fileEncoding = 4; lastKnownFileType = sourcecode.c.objc; path = VRTSDKMaster.m; sourceTree = "<group>"; };
		C214BF9F225F9F60005BBC0F /* PrefixHeader.pch */ = {isa = PBXFileReference; fileEncoding = 4; lastKnownFileType = sourcecode.c.h; path = PrefixHeader.pch; sourceTree = "<group>"; };
		C214BFA2225FA337005BBC0F /* NSObject+ProtocolHelper.h */ = {isa = PBXFileReference; fileEncoding = 4; lastKnownFileType = sourcecode.c.h; path = "NSObject+ProtocolHelper.h"; sourceTree = "<group>"; };
		C214BFA3225FA337005BBC0F /* NSObject+ProtocolHelper.m */ = {isa = PBXFileReference; fileEncoding = 4; lastKnownFileType = sourcecode.c.objc; path = "NSObject+ProtocolHelper.m"; sourceTree = "<group>"; };
		C214BFA5225FA337005BBC0F /* NetworkMEx.m */ = {isa = PBXFileReference; fileEncoding = 4; lastKnownFileType = sourcecode.c.objc; path = NetworkMEx.m; sourceTree = "<group>"; };
		C214BFA6225FA337005BBC0F /* NetworkMEx.h */ = {isa = PBXFileReference; fileEncoding = 4; lastKnownFileType = sourcecode.c.h; path = NetworkMEx.h; sourceTree = "<group>"; };
		C214BFA8225FA337005BBC0F /* WeakMutableArray.m */ = {isa = PBXFileReference; fileEncoding = 4; lastKnownFileType = sourcecode.c.objc; path = WeakMutableArray.m; sourceTree = "<group>"; };
		C214BFA9225FA337005BBC0F /* ControllerManagerMEx.h */ = {isa = PBXFileReference; fileEncoding = 4; lastKnownFileType = sourcecode.c.h; path = ControllerManagerMEx.h; sourceTree = "<group>"; };
		C214BFAA225FA337005BBC0F /* BaseNavigationController.m */ = {isa = PBXFileReference; fileEncoding = 4; lastKnownFileType = sourcecode.c.objc; path = BaseNavigationController.m; sourceTree = "<group>"; };
		C214BFAB225FA337005BBC0F /* UIViewController+ControllerManagerMEx.h */ = {isa = PBXFileReference; fileEncoding = 4; lastKnownFileType = sourcecode.c.h; path = "UIViewController+ControllerManagerMEx.h"; sourceTree = "<group>"; };
		C214BFAC225FA337005BBC0F /* ControllerManagerMEx.m */ = {isa = PBXFileReference; fileEncoding = 4; lastKnownFileType = sourcecode.c.objc; path = ControllerManagerMEx.m; sourceTree = "<group>"; };
		C214BFAD225FA337005BBC0F /* WeakMutableArray.h */ = {isa = PBXFileReference; fileEncoding = 4; lastKnownFileType = sourcecode.c.h; path = WeakMutableArray.h; sourceTree = "<group>"; };
		C214BFAE225FA337005BBC0F /* BaseNavigationController.h */ = {isa = PBXFileReference; fileEncoding = 4; lastKnownFileType = sourcecode.c.h; path = BaseNavigationController.h; sourceTree = "<group>"; };
		C214BFAF225FA337005BBC0F /* UIViewController+ControllerManagerMEx.m */ = {isa = PBXFileReference; fileEncoding = 4; lastKnownFileType = sourcecode.c.objc; path = "UIViewController+ControllerManagerMEx.m"; sourceTree = "<group>"; };
		C214BFB1225FA337005BBC0F /* UITableViewCell+MEx.h */ = {isa = PBXFileReference; fileEncoding = 4; lastKnownFileType = sourcecode.c.h; path = "UITableViewCell+MEx.h"; sourceTree = "<group>"; };
		C214BFB2225FA337005BBC0F /* TVCBindHelperMEx.m */ = {isa = PBXFileReference; fileEncoding = 4; lastKnownFileType = sourcecode.c.objc; path = TVCBindHelperMEx.m; sourceTree = "<group>"; };
		C214BFB3225FA337005BBC0F /* TableViewMEx.m */ = {isa = PBXFileReference; fileEncoding = 4; lastKnownFileType = sourcecode.c.objc; path = TableViewMEx.m; sourceTree = "<group>"; };
		C214BFB4225FA337005BBC0F /* UITableViewCell+MEx.m */ = {isa = PBXFileReference; fileEncoding = 4; lastKnownFileType = sourcecode.c.objc; path = "UITableViewCell+MEx.m"; sourceTree = "<group>"; };
		C214BFB5225FA337005BBC0F /* TVCBindHelperMEx.h */ = {isa = PBXFileReference; fileEncoding = 4; lastKnownFileType = sourcecode.c.h; path = TVCBindHelperMEx.h; sourceTree = "<group>"; };
		C214BFB6225FA337005BBC0F /* TableViewMEx.h */ = {isa = PBXFileReference; fileEncoding = 4; lastKnownFileType = sourcecode.c.h; path = TableViewMEx.h; sourceTree = "<group>"; };
		C214BFC1225FA3B8005BBC0F /* VRTMacro.h */ = {isa = PBXFileReference; lastKnownFileType = sourcecode.c.h; path = VRTMacro.h; sourceTree = "<group>"; };
		C214BFC32262139A005BBC0F /* VRTProtocol.h */ = {isa = PBXFileReference; lastKnownFileType = sourcecode.c.h; path = VRTProtocol.h; sourceTree = "<group>"; };
		C214BFC42262139A005BBC0F /* VRTProtocol.m */ = {isa = PBXFileReference; lastKnownFileType = sourcecode.c.objc; path = VRTProtocol.m; sourceTree = "<group>"; };
		C21FA4FE2265C96D00DC79FB /* VRTJSFramework.js */ = {isa = PBXFileReference; fileEncoding = 4; lastKnownFileType = sourcecode.javascript; path = VRTJSFramework.js; sourceTree = "<group>"; };
		C21FA5012265D71F00DC79FB /* VRTProtocolModule.h */ = {isa = PBXFileReference; lastKnownFileType = sourcecode.c.h; path = VRTProtocolModule.h; sourceTree = "<group>"; };
		C21FA5022265D71F00DC79FB /* VRTProtocolModule.m */ = {isa = PBXFileReference; lastKnownFileType = sourcecode.c.objc; path = VRTProtocolModule.m; sourceTree = "<group>"; };
		C21FA5052265D98D00DC79FB /* NetworkModule.h */ = {isa = PBXFileReference; fileEncoding = 4; lastKnownFileType = sourcecode.c.h; path = NetworkModule.h; sourceTree = "<group>"; };
		C21FA5062265D98D00DC79FB /* NetworkModule.m */ = {isa = PBXFileReference; fileEncoding = 4; lastKnownFileType = sourcecode.c.objc; path = NetworkModule.m; sourceTree = "<group>"; };
		E454C81C8177E7E83848D7B8 /* Pods_VRTiOSBuild.framework */ = {isa = PBXFileReference; explicitFileType = wrapper.framework; includeInIndex = 0; path = Pods_VRTiOSBuild.framework; sourceTree = BUILT_PRODUCTS_DIR; };
/* End PBXFileReference section */

/* Begin PBXFrameworksBuildPhase section */
		C214BEFA225F9A13005BBC0F /* Frameworks */ = {
			isa = PBXFrameworksBuildPhase;
			buildActionMask = 2147483647;
			files = (
				2CD6DA50277C9FCB41514A35 /* Pods_VRTiOSBuild.framework in Frameworks */,
			);
			runOnlyForDeploymentPostprocessing = 0;
		};
		C214BF12225F9A14005BBC0F /* Frameworks */ = {
			isa = PBXFrameworksBuildPhase;
			buildActionMask = 2147483647;
			files = (
			);
			runOnlyForDeploymentPostprocessing = 0;
		};
		C214BF1D225F9A14005BBC0F /* Frameworks */ = {
			isa = PBXFrameworksBuildPhase;
			buildActionMask = 2147483647;
			files = (
			);
			runOnlyForDeploymentPostprocessing = 0;
		};
/* End PBXFrameworksBuildPhase section */

/* Begin PBXGroup section */
		0104A644717CD477C5409300 /* Frameworks */ = {
			isa = PBXGroup;
			children = (
				E454C81C8177E7E83848D7B8 /* Pods_VRTiOSBuild.framework */,
			);
			name = Frameworks;
			sourceTree = "<group>";
		};
		24DB43EAFD7069590ABB4611 /* Pods */ = {
			isa = PBXGroup;
			children = (
				5CFAC1DBD4FEFCC3CAAA2C2D /* Pods-VRTiOSBuild.debug.xcconfig */,
				4FE0CAEBEF08B3D528D6B925 /* Pods-VRTiOSBuild.release.xcconfig */,
			);
			name = Pods;
			sourceTree = "<group>";
		};
		C214BEF4225F9A13005BBC0F = {
			isa = PBXGroup;
			children = (
				C214BEFF225F9A13005BBC0F /* VRTiOSBuild */,
				C214BF18225F9A14005BBC0F /* VRTiOSBuildTests */,
				C214BF23225F9A14005BBC0F /* VRTiOSBuildUITests */,
				C214BEFE225F9A13005BBC0F /* Products */,
				24DB43EAFD7069590ABB4611 /* Pods */,
				0104A644717CD477C5409300 /* Frameworks */,
			);
			sourceTree = "<group>";
		};
		C214BEFE225F9A13005BBC0F /* Products */ = {
			isa = PBXGroup;
			children = (
				C214BEFD225F9A13005BBC0F /* VRTiOSBuild.app */,
				C214BF15225F9A14005BBC0F /* VRTiOSBuildTests.xctest */,
				C214BF20225F9A14005BBC0F /* VRTiOSBuildUITests.xctest */,
			);
			name = Products;
			sourceTree = "<group>";
		};
		C214BEFF225F9A13005BBC0F /* VRTiOSBuild */ = {
			isa = PBXGroup;
			children = (
				C21FA5002265D6F300DC79FB /* Support */,
				C214BFA0225FA2BE005BBC0F /* Base */,
				C214BF32225F9A80005BBC0F /* VisualRuntime */,
				C214BF9F225F9F60005BBC0F /* PrefixHeader.pch */,
				C214BF00225F9A13005BBC0F /* AppDelegate.h */,
				C214BF01225F9A13005BBC0F /* AppDelegate.m */,
				C214BF03225F9A13005BBC0F /* ViewController.h */,
				C214BF04225F9A13005BBC0F /* ViewController.m */,
				C214BF06225F9A13005BBC0F /* Main.storyboard */,
				C214BF09225F9A14005BBC0F /* Assets.xcassets */,
				C214BF0B225F9A14005BBC0F /* LaunchScreen.storyboard */,
				C214BF0E225F9A14005BBC0F /* Info.plist */,
				C214BF0F225F9A14005BBC0F /* main.m */,
			);
			path = VRTiOSBuild;
			sourceTree = "<group>";
		};
		C214BF18225F9A14005BBC0F /* VRTiOSBuildTests */ = {
			isa = PBXGroup;
			children = (
				C214BF19225F9A14005BBC0F /* VRTiOSBuildTests.m */,
				C214BF1B225F9A14005BBC0F /* Info.plist */,
			);
			path = VRTiOSBuildTests;
			sourceTree = "<group>";
		};
		C214BF23225F9A14005BBC0F /* VRTiOSBuildUITests */ = {
			isa = PBXGroup;
			children = (
				C214BF24225F9A14005BBC0F /* VRTiOSBuildUITests.m */,
				C214BF26225F9A14005BBC0F /* Info.plist */,
			);
			path = VRTiOSBuildUITests;
			sourceTree = "<group>";
		};
		C214BF32225F9A80005BBC0F /* VisualRuntime */ = {
			isa = PBXGroup;
			children = (
				C21FA4FE2265C96D00DC79FB /* VRTJSFramework.js */,
				C214BFC22262135A005BBC0F /* Protocol */,
				C214BFC1225FA3B8005BBC0F /* VRTMacro.h */,
				C214BF41225F9A80005BBC0F /* VRTInstance.h */,
				C214BF36225F9A80005BBC0F /* VRTInstance.m */,
				C214BF40225F9A80005BBC0F /* VRTSDKMaster.h */,
				C214BF5E225F9A80005BBC0F /* VRTSDKMaster.m */,
				C214BF33225F9A80005BBC0F /* ViewModel */,
				C214BF42225F9A80005BBC0F /* Model */,
				C214BF51225F9A80005BBC0F /* View */,
				C214BF37225F9A80005BBC0F /* Others */,
			);
			path = VisualRuntime;
			sourceTree = "<group>";
		};
		C214BF33225F9A80005BBC0F /* ViewModel */ = {
			isa = PBXGroup;
			children = (
				C214BF35225F9A80005BBC0F /* VM4VRTList.h */,
				C214BF34225F9A80005BBC0F /* VM4VRTList.m */,
			);
			path = ViewModel;
			sourceTree = "<group>";
		};
		C214BF37225F9A80005BBC0F /* Others */ = {
			isa = PBXGroup;
			children = (
				C214BF38225F9A80005BBC0F /* VRTUtils.h */,
				C214BF3C225F9A80005BBC0F /* VRTUtils.m */,
				C214BF3E225F9A80005BBC0F /* VRTTapGestureRecognizer.h */,
				C214BF39225F9A80005BBC0F /* VRTTapGestureRecognizer.m */,
				C214BF3D225F9A80005BBC0F /* VRTViewController.h */,
				C214BF3A225F9A80005BBC0F /* VRTViewController.m */,
				C214BF3F225F9A80005BBC0F /* VRTMutableDictionary.h */,
				C214BF3B225F9A80005BBC0F /* VRTMutableDictionary.m */,
			);
			path = Others;
			sourceTree = "<group>";
		};
		C214BF42225F9A80005BBC0F /* Model */ = {
			isa = PBXGroup;
			children = (
				C214BF44225F9A80005BBC0F /* Model4VRTVC.h */,
				C214BF4B225F9A80005BBC0F /* Model4VRTVC.m */,
				C214BF45225F9A80005BBC0F /* Model4VRTList.h */,
				C214BF4A225F9A80005BBC0F /* Model4VRTList.m */,
				C214BF4C225F9A80005BBC0F /* Model4VRTTextField.h */,
				C214BF43225F9A80005BBC0F /* Model4VRTTextField.m */,
				C214BF4E225F9A80005BBC0F /* Model4VRTLabel.h */,
				C214BF46225F9A80005BBC0F /* Model4VRTLabel.m */,
				C214BF4D225F9A80005BBC0F /* Model4VRTView.h */,
				C214BF47225F9A80005BBC0F /* Model4VRTView.m */,
				C214BF50225F9A80005BBC0F /* Model4VRTCell.h */,
				C214BF48225F9A80005BBC0F /* Model4VRTCell.m */,
				C214BF49225F9A80005BBC0F /* Model4VRTImageView.h */,
				C214BF4F225F9A80005BBC0F /* Model4VRTImageView.m */,
			);
			path = Model;
			sourceTree = "<group>";
		};
		C214BF51225F9A80005BBC0F /* View */ = {
			isa = PBXGroup;
			children = (
				C214BF52225F9A80005BBC0F /* VRTTextField.h */,
				C214BF5A225F9A80005BBC0F /* VRTTextField.m */,
				C214BF59225F9A80005BBC0F /* VRTCell.h */,
				C214BF53225F9A80005BBC0F /* VRTCell.m */,
				C214BF54225F9A80005BBC0F /* VRTLabel.h */,
				C214BF58225F9A80005BBC0F /* VRTLabel.m */,
				C214BF5B225F9A80005BBC0F /* VRTView.h */,
				C214BF55225F9A80005BBC0F /* VRTView.m */,
				C214BF56225F9A80005BBC0F /* VRTList.h */,
				C214BF5D225F9A80005BBC0F /* VRTList.m */,
				C214BF5C225F9A80005BBC0F /* VRTImageView.h */,
				C214BF57225F9A80005BBC0F /* VRTImageView.m */,
			);
			path = View;
			sourceTree = "<group>";
		};
		C214BFA0225FA2BE005BBC0F /* Base */ = {
			isa = PBXGroup;
			children = (
				C214BFA7225FA337005BBC0F /* ControllerManager */,
				C214BFA4225FA337005BBC0F /* Network */,
				C214BFA1225FA337005BBC0F /* SafeCallBack */,
				C214BFB0225FA337005BBC0F /* TableView */,
			);
			path = Base;
			sourceTree = "<group>";
		};
		C214BFA1225FA337005BBC0F /* SafeCallBack */ = {
			isa = PBXGroup;
			children = (
				C214BFA2225FA337005BBC0F /* NSObject+ProtocolHelper.h */,
				C214BFA3225FA337005BBC0F /* NSObject+ProtocolHelper.m */,
			);
			path = SafeCallBack;
			sourceTree = "<group>";
		};
		C214BFA4225FA337005BBC0F /* Network */ = {
			isa = PBXGroup;
			children = (
				C214BFA5225FA337005BBC0F /* NetworkMEx.m */,
				C214BFA6225FA337005BBC0F /* NetworkMEx.h */,
			);
			path = Network;
			sourceTree = "<group>";
		};
		C214BFA7225FA337005BBC0F /* ControllerManager */ = {
			isa = PBXGroup;
			children = (
				C214BFA8225FA337005BBC0F /* WeakMutableArray.m */,
				C214BFA9225FA337005BBC0F /* ControllerManagerMEx.h */,
				C214BFAA225FA337005BBC0F /* BaseNavigationController.m */,
				C214BFAB225FA337005BBC0F /* UIViewController+ControllerManagerMEx.h */,
				C214BFAC225FA337005BBC0F /* ControllerManagerMEx.m */,
				C214BFAD225FA337005BBC0F /* WeakMutableArray.h */,
				C214BFAE225FA337005BBC0F /* BaseNavigationController.h */,
				C214BFAF225FA337005BBC0F /* UIViewController+ControllerManagerMEx.m */,
			);
			path = ControllerManager;
			sourceTree = "<group>";
		};
		C214BFB0225FA337005BBC0F /* TableView */ = {
			isa = PBXGroup;
			children = (
				C214BFB1225FA337005BBC0F /* UITableViewCell+MEx.h */,
				C214BFB2225FA337005BBC0F /* TVCBindHelperMEx.m */,
				C214BFB3225FA337005BBC0F /* TableViewMEx.m */,
				C214BFB4225FA337005BBC0F /* UITableViewCell+MEx.m */,
				C214BFB5225FA337005BBC0F /* TVCBindHelperMEx.h */,
				C214BFB6225FA337005BBC0F /* TableViewMEx.h */,
			);
			path = TableView;
			sourceTree = "<group>";
		};
		C214BFC22262135A005BBC0F /* Protocol */ = {
			isa = PBXGroup;
			children = (
				C214BFC32262139A005BBC0F /* VRTProtocol.h */,
				C214BFC42262139A005BBC0F /* VRTProtocol.m */,
			);
			path = Protocol;
			sourceTree = "<group>";
		};
		C21FA5002265D6F300DC79FB /* Support */ = {
			isa = PBXGroup;
			children = (
				C21FA5042265D98D00DC79FB /* NetworkModule */,
				C21FA5012265D71F00DC79FB /* VRTProtocolModule.h */,
				C21FA5022265D71F00DC79FB /* VRTProtocolModule.m */,
			);
			path = Support;
			sourceTree = "<group>";
		};
		C21FA5042265D98D00DC79FB /* NetworkModule */ = {
			isa = PBXGroup;
			children = (
				C21FA5052265D98D00DC79FB /* NetworkModule.h */,
				C21FA5062265D98D00DC79FB /* NetworkModule.m */,
			);
			path = NetworkModule;
			sourceTree = "<group>";
		};
/* End PBXGroup section */

/* Begin PBXNativeTarget section */
		C214BEFC225F9A13005BBC0F /* VRTiOSBuild */ = {
			isa = PBXNativeTarget;
			buildConfigurationList = C214BF29225F9A15005BBC0F /* Build configuration list for PBXNativeTarget "VRTiOSBuild" */;
			buildPhases = (
				4302F3F4CEC14E96F9863F52 /* [CP] Check Pods Manifest.lock */,
				C214BEF9225F9A13005BBC0F /* Sources */,
				C214BEFA225F9A13005BBC0F /* Frameworks */,
				C214BEFB225F9A13005BBC0F /* Resources */,
				0D5AC6C15507F824FD03D648 /* [CP] Embed Pods Frameworks */,
			);
			buildRules = (
			);
			dependencies = (
			);
			name = VRTiOSBuild;
			productName = VRTiOSBuild;
			productReference = C214BEFD225F9A13005BBC0F /* VRTiOSBuild.app */;
			productType = "com.apple.product-type.application";
		};
		C214BF14225F9A14005BBC0F /* VRTiOSBuildTests */ = {
			isa = PBXNativeTarget;
			buildConfigurationList = C214BF2C225F9A15005BBC0F /* Build configuration list for PBXNativeTarget "VRTiOSBuildTests" */;
			buildPhases = (
				C214BF11225F9A14005BBC0F /* Sources */,
				C214BF12225F9A14005BBC0F /* Frameworks */,
				C214BF13225F9A14005BBC0F /* Resources */,
			);
			buildRules = (
			);
			dependencies = (
				C214BF17225F9A14005BBC0F /* PBXTargetDependency */,
			);
			name = VRTiOSBuildTests;
			productName = VRTiOSBuildTests;
			productReference = C214BF15225F9A14005BBC0F /* VRTiOSBuildTests.xctest */;
			productType = "com.apple.product-type.bundle.unit-test";
		};
		C214BF1F225F9A14005BBC0F /* VRTiOSBuildUITests */ = {
			isa = PBXNativeTarget;
			buildConfigurationList = C214BF2F225F9A15005BBC0F /* Build configuration list for PBXNativeTarget "VRTiOSBuildUITests" */;
			buildPhases = (
				C214BF1C225F9A14005BBC0F /* Sources */,
				C214BF1D225F9A14005BBC0F /* Frameworks */,
				C214BF1E225F9A14005BBC0F /* Resources */,
			);
			buildRules = (
			);
			dependencies = (
				C214BF22225F9A14005BBC0F /* PBXTargetDependency */,
			);
			name = VRTiOSBuildUITests;
			productName = VRTiOSBuildUITests;
			productReference = C214BF20225F9A14005BBC0F /* VRTiOSBuildUITests.xctest */;
			productType = "com.apple.product-type.bundle.ui-testing";
		};
/* End PBXNativeTarget section */

/* Begin PBXProject section */
		C214BEF5225F9A13005BBC0F /* Project object */ = {
			isa = PBXProject;
			attributes = {
				LastUpgradeCheck = 1020;
				ORGANIZATIONNAME = MonsterEntertainment;
				TargetAttributes = {
					C214BEFC225F9A13005BBC0F = {
						CreatedOnToolsVersion = 10.2;
					};
					C214BF14225F9A14005BBC0F = {
						CreatedOnToolsVersion = 10.2;
						TestTargetID = C214BEFC225F9A13005BBC0F;
					};
					C214BF1F225F9A14005BBC0F = {
						CreatedOnToolsVersion = 10.2;
						TestTargetID = C214BEFC225F9A13005BBC0F;
					};
				};
			};
			buildConfigurationList = C214BEF8225F9A13005BBC0F /* Build configuration list for PBXProject "VRTiOSBuild" */;
			compatibilityVersion = "Xcode 9.3";
			developmentRegion = en;
			hasScannedForEncodings = 0;
			knownRegions = (
				en,
				Base,
			);
			mainGroup = C214BEF4225F9A13005BBC0F;
			productRefGroup = C214BEFE225F9A13005BBC0F /* Products */;
			projectDirPath = "";
			projectRoot = "";
			targets = (
				C214BEFC225F9A13005BBC0F /* VRTiOSBuild */,
				C214BF14225F9A14005BBC0F /* VRTiOSBuildTests */,
				C214BF1F225F9A14005BBC0F /* VRTiOSBuildUITests */,
			);
		};
/* End PBXProject section */

/* Begin PBXResourcesBuildPhase section */
		C214BEFB225F9A13005BBC0F /* Resources */ = {
			isa = PBXResourcesBuildPhase;
			buildActionMask = 2147483647;
			files = (
				C214BF0D225F9A14005BBC0F /* LaunchScreen.storyboard in Resources */,
				C214BF0A225F9A14005BBC0F /* Assets.xcassets in Resources */,
				C214BF08225F9A13005BBC0F /* Main.storyboard in Resources */,
				C21FA4FF2265C96D00DC79FB /* VRTJSFramework.js in Resources */,
			);
			runOnlyForDeploymentPostprocessing = 0;
		};
		C214BF13225F9A14005BBC0F /* Resources */ = {
			isa = PBXResourcesBuildPhase;
			buildActionMask = 2147483647;
			files = (
			);
			runOnlyForDeploymentPostprocessing = 0;
		};
		C214BF1E225F9A14005BBC0F /* Resources */ = {
			isa = PBXResourcesBuildPhase;
			buildActionMask = 2147483647;
			files = (
			);
			runOnlyForDeploymentPostprocessing = 0;
		};
/* End PBXResourcesBuildPhase section */

/* Begin PBXShellScriptBuildPhase section */
		0D5AC6C15507F824FD03D648 /* [CP] Embed Pods Frameworks */ = {
			isa = PBXShellScriptBuildPhase;
			buildActionMask = 2147483647;
			files = (
			);
			inputPaths = (
				"${SRCROOT}/Pods/Target Support Files/Pods-VRTiOSBuild/Pods-VRTiOSBuild-frameworks.sh",
				"${BUILT_PRODUCTS_DIR}/AFNetworking/AFNetworking.framework",
				"${BUILT_PRODUCTS_DIR}/SDWebImage/SDWebImage.framework",
			);
			name = "[CP] Embed Pods Frameworks";
			outputPaths = (
				"${TARGET_BUILD_DIR}/${FRAMEWORKS_FOLDER_PATH}/AFNetworking.framework",
				"${TARGET_BUILD_DIR}/${FRAMEWORKS_FOLDER_PATH}/SDWebImage.framework",
			);
			runOnlyForDeploymentPostprocessing = 0;
			shellPath = /bin/sh;
			shellScript = "\"${SRCROOT}/Pods/Target Support Files/Pods-VRTiOSBuild/Pods-VRTiOSBuild-frameworks.sh\"\n";
			showEnvVarsInLog = 0;
		};
		4302F3F4CEC14E96F9863F52 /* [CP] Check Pods Manifest.lock */ = {
			isa = PBXShellScriptBuildPhase;
			buildActionMask = 2147483647;
			files = (
			);
			inputPaths = (
				"${PODS_PODFILE_DIR_PATH}/Podfile.lock",
				"${PODS_ROOT}/Manifest.lock",
			);
			name = "[CP] Check Pods Manifest.lock";
			outputPaths = (
				"$(DERIVED_FILE_DIR)/Pods-VRTiOSBuild-checkManifestLockResult.txt",
			);
			runOnlyForDeploymentPostprocessing = 0;
			shellPath = /bin/sh;
			shellScript = "diff \"${PODS_PODFILE_DIR_PATH}/Podfile.lock\" \"${PODS_ROOT}/Manifest.lock\" > /dev/null\nif [ $? != 0 ] ; then\n    # print error to STDERR\n    echo \"error: The sandbox is not in sync with the Podfile.lock. Run 'pod install' or update your CocoaPods installation.\" >&2\n    exit 1\nfi\n# This output is used by Xcode 'outputs' to avoid re-running this script phase.\necho \"SUCCESS\" > \"${SCRIPT_OUTPUT_FILE_0}\"\n";
			showEnvVarsInLog = 0;
		};
/* End PBXShellScriptBuildPhase section */

/* Begin PBXSourcesBuildPhase section */
		C214BEF9225F9A13005BBC0F /* Sources */ = {
			isa = PBXSourcesBuildPhase;
			buildActionMask = 2147483647;
			files = (
				C214BF61225F9A80005BBC0F /* VRTTapGestureRecognizer.m in Sources */,
				C21FA5072265D98D00DC79FB /* NetworkModule.m in Sources */,
				C214BFB8225FA338005BBC0F /* NetworkMEx.m in Sources */,
				C214BF68225F9A80005BBC0F /* Model4VRTCell.m in Sources */,
				C214BF6E225F9A80005BBC0F /* VRTImageView.m in Sources */,
				C214BFBC225FA338005BBC0F /* UIViewController+ControllerManagerMEx.m in Sources */,
				C214BF05225F9A13005BBC0F /* ViewController.m in Sources */,
				C214BFBF225FA338005BBC0F /* UITableViewCell+MEx.m in Sources */,
				C214BF6C225F9A80005BBC0F /* VRTCell.m in Sources */,
				C214BF67225F9A80005BBC0F /* Model4VRTView.m in Sources */,
				C214BFC52262139A005BBC0F /* VRTProtocol.m in Sources */,
				C214BF10225F9A14005BBC0F /* main.m in Sources */,
				C214BF6A225F9A80005BBC0F /* Model4VRTVC.m in Sources */,
				C214BF66225F9A80005BBC0F /* Model4VRTLabel.m in Sources */,
				C214BFB7225FA338005BBC0F /* NSObject+ProtocolHelper.m in Sources */,
				C214BF72225F9A80005BBC0F /* VRTSDKMaster.m in Sources */,
				C214BF6F225F9A80005BBC0F /* VRTLabel.m in Sources */,
				C214BF5F225F9A80005BBC0F /* VM4VRTList.m in Sources */,
				C214BFBB225FA338005BBC0F /* ControllerManagerMEx.m in Sources */,
				C214BF60225F9A80005BBC0F /* VRTInstance.m in Sources */,
				C214BF65225F9A80005BBC0F /* Model4VRTTextField.m in Sources */,
				C214BF6D225F9A80005BBC0F /* VRTView.m in Sources */,
				C214BFBD225FA338005BBC0F /* TVCBindHelperMEx.m in Sources */,
				C214BF70225F9A80005BBC0F /* VRTTextField.m in Sources */,
				C214BF69225F9A80005BBC0F /* Model4VRTList.m in Sources */,
				C214BF71225F9A80005BBC0F /* VRTList.m in Sources */,
				C214BF64225F9A80005BBC0F /* VRTUtils.m in Sources */,
				C214BF63225F9A80005BBC0F /* VRTMutableDictionary.m in Sources */,
				C214BFB9225FA338005BBC0F /* WeakMutableArray.m in Sources */,
				C214BFBA225FA338005BBC0F /* BaseNavigationController.m in Sources */,
				C214BF02225F9A13005BBC0F /* AppDelegate.m in Sources */,
				C214BF6B225F9A80005BBC0F /* Model4VRTImageView.m in Sources */,
				C214BF62225F9A80005BBC0F /* VRTViewController.m in Sources */,
				C21FA5032265D71F00DC79FB /* VRTProtocolModule.m in Sources */,
				C214BFBE225FA338005BBC0F /* TableViewMEx.m in Sources */,
			);
			runOnlyForDeploymentPostprocessing = 0;
		};
		C214BF11225F9A14005BBC0F /* Sources */ = {
			isa = PBXSourcesBuildPhase;
			buildActionMask = 2147483647;
			files = (
				C214BF1A225F9A14005BBC0F /* VRTiOSBuildTests.m in Sources */,
			);
			runOnlyForDeploymentPostprocessing = 0;
		};
		C214BF1C225F9A14005BBC0F /* Sources */ = {
			isa = PBXSourcesBuildPhase;
			buildActionMask = 2147483647;
			files = (
				C214BF25225F9A14005BBC0F /* VRTiOSBuildUITests.m in Sources */,
			);
			runOnlyForDeploymentPostprocessing = 0;
		};
/* End PBXSourcesBuildPhase section */

/* Begin PBXTargetDependency section */
		C214BF17225F9A14005BBC0F /* PBXTargetDependency */ = {
			isa = PBXTargetDependency;
			target = C214BEFC225F9A13005BBC0F /* VRTiOSBuild */;
			targetProxy = C214BF16225F9A14005BBC0F /* PBXContainerItemProxy */;
		};
		C214BF22225F9A14005BBC0F /* PBXTargetDependency */ = {
			isa = PBXTargetDependency;
			target = C214BEFC225F9A13005BBC0F /* VRTiOSBuild */;
			targetProxy = C214BF21225F9A14005BBC0F /* PBXContainerItemProxy */;
		};
/* End PBXTargetDependency section */

/* Begin PBXVariantGroup section */
		C214BF06225F9A13005BBC0F /* Main.storyboard */ = {
			isa = PBXVariantGroup;
			children = (
				C214BF07225F9A13005BBC0F /* Base */,
			);
			name = Main.storyboard;
			sourceTree = "<group>";
		};
		C214BF0B225F9A14005BBC0F /* LaunchScreen.storyboard */ = {
			isa = PBXVariantGroup;
			children = (
				C214BF0C225F9A14005BBC0F /* Base */,
			);
			name = LaunchScreen.storyboard;
			sourceTree = "<group>";
		};
/* End PBXVariantGroup section */

/* Begin XCBuildConfiguration section */
		C214BF27225F9A15005BBC0F /* Debug */ = {
			isa = XCBuildConfiguration;
			buildSettings = {
				ALWAYS_SEARCH_USER_PATHS = NO;
				CLANG_ANALYZER_NONNULL = YES;
				CLANG_ANALYZER_NUMBER_OBJECT_CONVERSION = YES_AGGRESSIVE;
				CLANG_CXX_LANGUAGE_STANDARD = "gnu++14";
				CLANG_CXX_LIBRARY = "libc++";
				CLANG_ENABLE_MODULES = YES;
				CLANG_ENABLE_OBJC_ARC = YES;
				CLANG_ENABLE_OBJC_WEAK = YES;
				CLANG_WARN_BLOCK_CAPTURE_AUTORELEASING = YES;
				CLANG_WARN_BOOL_CONVERSION = YES;
				CLANG_WARN_COMMA = YES;
				CLANG_WARN_CONSTANT_CONVERSION = YES;
				CLANG_WARN_DEPRECATED_OBJC_IMPLEMENTATIONS = YES;
				CLANG_WARN_DIRECT_OBJC_ISA_USAGE = YES_ERROR;
				CLANG_WARN_DOCUMENTATION_COMMENTS = YES;
				CLANG_WARN_EMPTY_BODY = YES;
				CLANG_WARN_ENUM_CONVERSION = YES;
				CLANG_WARN_INFINITE_RECURSION = YES;
				CLANG_WARN_INT_CONVERSION = YES;
				CLANG_WARN_NON_LITERAL_NULL_CONVERSION = YES;
				CLANG_WARN_OBJC_IMPLICIT_RETAIN_SELF = YES;
				CLANG_WARN_OBJC_LITERAL_CONVERSION = YES;
				CLANG_WARN_OBJC_ROOT_CLASS = YES_ERROR;
				CLANG_WARN_RANGE_LOOP_ANALYSIS = YES;
				CLANG_WARN_STRICT_PROTOTYPES = YES;
				CLANG_WARN_SUSPICIOUS_MOVE = YES;
				CLANG_WARN_UNGUARDED_AVAILABILITY = YES_AGGRESSIVE;
				CLANG_WARN_UNREACHABLE_CODE = YES;
				CLANG_WARN__DUPLICATE_METHOD_MATCH = YES;
				CODE_SIGN_IDENTITY = "iPhone Developer";
				COPY_PHASE_STRIP = NO;
				DEBUG_INFORMATION_FORMAT = dwarf;
				ENABLE_STRICT_OBJC_MSGSEND = YES;
				ENABLE_TESTABILITY = YES;
				GCC_C_LANGUAGE_STANDARD = gnu11;
				GCC_DYNAMIC_NO_PIC = NO;
				GCC_NO_COMMON_BLOCKS = YES;
				GCC_OPTIMIZATION_LEVEL = 0;
				GCC_PREPROCESSOR_DEFINITIONS = (
					"DEBUG=1",
					"$(inherited)",
				);
				GCC_WARN_64_TO_32_BIT_CONVERSION = YES;
				GCC_WARN_ABOUT_RETURN_TYPE = YES_ERROR;
				GCC_WARN_UNDECLARED_SELECTOR = YES;
				GCC_WARN_UNINITIALIZED_AUTOS = YES_AGGRESSIVE;
				GCC_WARN_UNUSED_FUNCTION = YES;
				GCC_WARN_UNUSED_VARIABLE = YES;
				IPHONEOS_DEPLOYMENT_TARGET = 12.2;
				MTL_ENABLE_DEBUG_INFO = INCLUDE_SOURCE;
				MTL_FAST_MATH = YES;
				ONLY_ACTIVE_ARCH = YES;
				SDKROOT = iphoneos;
			};
			name = Debug;
		};
		C214BF28225F9A15005BBC0F /* Release */ = {
			isa = XCBuildConfiguration;
			buildSettings = {
				ALWAYS_SEARCH_USER_PATHS = NO;
				CLANG_ANALYZER_NONNULL = YES;
				CLANG_ANALYZER_NUMBER_OBJECT_CONVERSION = YES_AGGRESSIVE;
				CLANG_CXX_LANGUAGE_STANDARD = "gnu++14";
				CLANG_CXX_LIBRARY = "libc++";
				CLANG_ENABLE_MODULES = YES;
				CLANG_ENABLE_OBJC_ARC = YES;
				CLANG_ENABLE_OBJC_WEAK = YES;
				CLANG_WARN_BLOCK_CAPTURE_AUTORELEASING = YES;
				CLANG_WARN_BOOL_CONVERSION = YES;
				CLANG_WARN_COMMA = YES;
				CLANG_WARN_CONSTANT_CONVERSION = YES;
				CLANG_WARN_DEPRECATED_OBJC_IMPLEMENTATIONS = YES;
				CLANG_WARN_DIRECT_OBJC_ISA_USAGE = YES_ERROR;
				CLANG_WARN_DOCUMENTATION_COMMENTS = YES;
				CLANG_WARN_EMPTY_BODY = YES;
				CLANG_WARN_ENUM_CONVERSION = YES;
				CLANG_WARN_INFINITE_RECURSION = YES;
				CLANG_WARN_INT_CONVERSION = YES;
				CLANG_WARN_NON_LITERAL_NULL_CONVERSION = YES;
				CLANG_WARN_OBJC_IMPLICIT_RETAIN_SELF = YES;
				CLANG_WARN_OBJC_LITERAL_CONVERSION = YES;
				CLANG_WARN_OBJC_ROOT_CLASS = YES_ERROR;
				CLANG_WARN_RANGE_LOOP_ANALYSIS = YES;
				CLANG_WARN_STRICT_PROTOTYPES = YES;
				CLANG_WARN_SUSPICIOUS_MOVE = YES;
				CLANG_WARN_UNGUARDED_AVAILABILITY = YES_AGGRESSIVE;
				CLANG_WARN_UNREACHABLE_CODE = YES;
				CLANG_WARN__DUPLICATE_METHOD_MATCH = YES;
				CODE_SIGN_IDENTITY = "iPhone Developer";
				COPY_PHASE_STRIP = NO;
				DEBUG_INFORMATION_FORMAT = "dwarf-with-dsym";
				ENABLE_NS_ASSERTIONS = NO;
				ENABLE_STRICT_OBJC_MSGSEND = YES;
				GCC_C_LANGUAGE_STANDARD = gnu11;
				GCC_NO_COMMON_BLOCKS = YES;
				GCC_WARN_64_TO_32_BIT_CONVERSION = YES;
				GCC_WARN_ABOUT_RETURN_TYPE = YES_ERROR;
				GCC_WARN_UNDECLARED_SELECTOR = YES;
				GCC_WARN_UNINITIALIZED_AUTOS = YES_AGGRESSIVE;
				GCC_WARN_UNUSED_FUNCTION = YES;
				GCC_WARN_UNUSED_VARIABLE = YES;
				IPHONEOS_DEPLOYMENT_TARGET = 12.2;
				MTL_ENABLE_DEBUG_INFO = NO;
				MTL_FAST_MATH = YES;
				SDKROOT = iphoneos;
				VALIDATE_PRODUCT = YES;
			};
			name = Release;
		};
		C214BF2A225F9A15005BBC0F /* Debug */ = {
			isa = XCBuildConfiguration;
			baseConfigurationReference = 5CFAC1DBD4FEFCC3CAAA2C2D /* Pods-VRTiOSBuild.debug.xcconfig */;
			buildSettings = {
				ASSETCATALOG_COMPILER_APPICON_NAME = AppIcon;
				CODE_SIGN_STYLE = Automatic;
				DEVELOPMENT_TEAM = MUMVBPQN64;
				GCC_PREFIX_HEADER = VRTiOSBuild/PrefixHeader.pch;
				INFOPLIST_FILE = VRTiOSBuild/Info.plist;
				LD_RUNPATH_SEARCH_PATHS = (
					"$(inherited)",
					"@executable_path/Frameworks",
				);
				PRODUCT_BUNDLE_IDENTIFIER = com.monsterent.VRTiOSBuild;
				PRODUCT_NAME = "$(TARGET_NAME)";
				TARGETED_DEVICE_FAMILY = "1,2";
			};
			name = Debug;
		};
		C214BF2B225F9A15005BBC0F /* Release */ = {
			isa = XCBuildConfiguration;
			baseConfigurationReference = 4FE0CAEBEF08B3D528D6B925 /* Pods-VRTiOSBuild.release.xcconfig */;
			buildSettings = {
				ASSETCATALOG_COMPILER_APPICON_NAME = AppIcon;
				CODE_SIGN_STYLE = Automatic;
				DEVELOPMENT_TEAM = MUMVBPQN64;
				GCC_PREFIX_HEADER = VRTiOSBuild/PrefixHeader.pch;
				INFOPLIST_FILE = VRTiOSBuild/Info.plist;
				LD_RUNPATH_SEARCH_PATHS = (
					"$(inherited)",
					"@executable_path/Frameworks",
				);
				PRODUCT_BUNDLE_IDENTIFIER = com.monsterent.VRTiOSBuild;
				PRODUCT_NAME = "$(TARGET_NAME)";
				TARGETED_DEVICE_FAMILY = "1,2";
			};
			name = Release;
		};
		C214BF2D225F9A15005BBC0F /* Debug */ = {
			isa = XCBuildConfiguration;
			buildSettings = {
				BUNDLE_LOADER = "$(TEST_HOST)";
				CODE_SIGN_STYLE = Automatic;
				DEVELOPMENT_TEAM = MUMVBPQN64;
				INFOPLIST_FILE = VRTiOSBuildTests/Info.plist;
				LD_RUNPATH_SEARCH_PATHS = (
					"$(inherited)",
					"@executable_path/Frameworks",
					"@loader_path/Frameworks",
				);
				PRODUCT_BUNDLE_IDENTIFIER = com.monsterent.VRTiOSBuildTests;
				PRODUCT_NAME = "$(TARGET_NAME)";
				TARGETED_DEVICE_FAMILY = "1,2";
				TEST_HOST = "$(BUILT_PRODUCTS_DIR)/VRTiOSBuild.app/VRTiOSBuild";
			};
			name = Debug;
		};
		C214BF2E225F9A15005BBC0F /* Release */ = {
			isa = XCBuildConfiguration;
			buildSettings = {
				BUNDLE_LOADER = "$(TEST_HOST)";
				CODE_SIGN_STYLE = Automatic;
				DEVELOPMENT_TEAM = MUMVBPQN64;
				INFOPLIST_FILE = VRTiOSBuildTests/Info.plist;
				LD_RUNPATH_SEARCH_PATHS = (
					"$(inherited)",
					"@executable_path/Frameworks",
					"@loader_path/Frameworks",
				);
				PRODUCT_BUNDLE_IDENTIFIER = com.monsterent.VRTiOSBuildTests;
				PRODUCT_NAME = "$(TARGET_NAME)";
				TARGETED_DEVICE_FAMILY = "1,2";
				TEST_HOST = "$(BUILT_PRODUCTS_DIR)/VRTiOSBuild.app/VRTiOSBuild";
			};
			name = Release;
		};
		C214BF30225F9A15005BBC0F /* Debug */ = {
			isa = XCBuildConfiguration;
			buildSettings = {
				CODE_SIGN_STYLE = Automatic;
				DEVELOPMENT_TEAM = MUMVBPQN64;
				INFOPLIST_FILE = VRTiOSBuildUITests/Info.plist;
				LD_RUNPATH_SEARCH_PATHS = (
					"$(inherited)",
					"@executable_path/Frameworks",
					"@loader_path/Frameworks",
				);
				PRODUCT_BUNDLE_IDENTIFIER = com.monsterent.VRTiOSBuildUITests;
				PRODUCT_NAME = "$(TARGET_NAME)";
				TARGETED_DEVICE_FAMILY = "1,2";
				TEST_TARGET_NAME = VRTiOSBuild;
			};
			name = Debug;
		};
		C214BF31225F9A15005BBC0F /* Release */ = {
			isa = XCBuildConfiguration;
			buildSettings = {
				CODE_SIGN_STYLE = Automatic;
				DEVELOPMENT_TEAM = MUMVBPQN64;
				INFOPLIST_FILE = VRTiOSBuildUITests/Info.plist;
				LD_RUNPATH_SEARCH_PATHS = (
					"$(inherited)",
					"@executable_path/Frameworks",
					"@loader_path/Frameworks",
				);
				PRODUCT_BUNDLE_IDENTIFIER = com.monsterent.VRTiOSBuildUITests;
				PRODUCT_NAME = "$(TARGET_NAME)";
				TARGETED_DEVICE_FAMILY = "1,2";
				TEST_TARGET_NAME = VRTiOSBuild;
			};
			name = Release;
		};
/* End XCBuildConfiguration section */

/* Begin XCConfigurationList section */
		C214BEF8225F9A13005BBC0F /* Build configuration list for PBXProject "VRTiOSBuild" */ = {
			isa = XCConfigurationList;
			buildConfigurations = (
				C214BF27225F9A15005BBC0F /* Debug */,
				C214BF28225F9A15005BBC0F /* Release */,
			);
			defaultConfigurationIsVisible = 0;
			defaultConfigurationName = Release;
		};
		C214BF29225F9A15005BBC0F /* Build configuration list for PBXNativeTarget "VRTiOSBuild" */ = {
			isa = XCConfigurationList;
			buildConfigurations = (
				C214BF2A225F9A15005BBC0F /* Debug */,
				C214BF2B225F9A15005BBC0F /* Release */,
			);
			defaultConfigurationIsVisible = 0;
			defaultConfigurationName = Release;
		};
		C214BF2C225F9A15005BBC0F /* Build configuration list for PBXNativeTarget "VRTiOSBuildTests" */ = {
			isa = XCConfigurationList;
			buildConfigurations = (
				C214BF2D225F9A15005BBC0F /* Debug */,
				C214BF2E225F9A15005BBC0F /* Release */,
			);
			defaultConfigurationIsVisible = 0;
			defaultConfigurationName = Release;
		};
		C214BF2F225F9A15005BBC0F /* Build configuration list for PBXNativeTarget "VRTiOSBuildUITests" */ = {
			isa = XCConfigurationList;
			buildConfigurations = (
				C214BF30225F9A15005BBC0F /* Debug */,
				C214BF31225F9A15005BBC0F /* Release */,
			);
			defaultConfigurationIsVisible = 0;
			defaultConfigurationName = Release;
		};
/* End XCConfigurationList section */
	};
	rootObject = C214BEF5225F9A13005BBC0F /* Project object */;
}
